// !$*UTF8*$!
{
	archiveVersion = 1;
	classes = {
	};
	objectVersion = 60;
	objects = {

/* Begin PBXBuildFile section */
		4703E2482C7F08B00009E80A /* AppDelegate.swift in Sources */ = {isa = PBXBuildFile; fileRef = 4703E2472C7F08B00009E80A /* AppDelegate.swift */; };
		4703E24A2C7F08B00009E80A /* SceneDelegate.swift in Sources */ = {isa = PBXBuildFile; fileRef = 4703E2492C7F08B00009E80A /* SceneDelegate.swift */; };
		4703E24F2C7F08B00009E80A /* Base in Resources */ = {isa = PBXBuildFile; fileRef = 4703E24E2C7F08B00009E80A /* Base */; };
		4703E2512C7F08B20009E80A /* Assets.xcassets in Resources */ = {isa = PBXBuildFile; fileRef = 4703E2502C7F08B20009E80A /* Assets.xcassets */; };
		4703E2542C7F08B20009E80A /* Base in Resources */ = {isa = PBXBuildFile; fileRef = 4703E2532C7F08B20009E80A /* Base */; };
		4703E25C2C7F093D0009E80A /* MenuViewController.swift in Sources */ = {isa = PBXBuildFile; fileRef = 4703E25B2C7F093D0009E80A /* MenuViewController.swift */; };
		4703E25E2C7F12150009E80A /* MenuCollectionViewCell.swift in Sources */ = {isa = PBXBuildFile; fileRef = 4703E25D2C7F12150009E80A /* MenuCollectionViewCell.swift */; };
		4703E2602C7F136D0009E80A /* MenuItem.swift in Sources */ = {isa = PBXBuildFile; fileRef = 4703E25F2C7F13670009E80A /* MenuItem.swift */; };
		4703E2632C7F1ABF0009E80A /* Kingfisher in Frameworks */ = {isa = PBXBuildFile; productRef = 4703E2622C7F1ABF0009E80A /* Kingfisher */; };
		4703E2652C7F95CF0009E80A /* OrderViewController.swift in Sources */ = {isa = PBXBuildFile; fileRef = 4703E2642C7F95CF0009E80A /* OrderViewController.swift */; };
		4703E2672C7F99950009E80A /* OrderTableViewCell.swift in Sources */ = {isa = PBXBuildFile; fileRef = 4703E2662C7F99950009E80A /* OrderTableViewCell.swift */; };
		4703E28F2C84A7400009E80A /* CartItem.swift in Sources */ = {isa = PBXBuildFile; fileRef = 4703E28E2C84A7390009E80A /* CartItem.swift */; };
		4703E2912C868BE80009E80A /* CartViewController.swift in Sources */ = {isa = PBXBuildFile; fileRef = 4703E2902C868BE80009E80A /* CartViewController.swift */; };
		4703E2932C868CEB0009E80A /* CartTableViewCell.swift in Sources */ = {isa = PBXBuildFile; fileRef = 4703E2922C868CEB0009E80A /* CartTableViewCell.swift */; };
		47E0817E2C880278005E22C1 /* LoginViewController.swift in Sources */ = {isa = PBXBuildFile; fileRef = 47E0817D2C880278005E22C1 /* LoginViewController.swift */; };
		47E081802C8878AB005E22C1 /* RecordViewController.swift in Sources */ = {isa = PBXBuildFile; fileRef = 47E0817F2C8878AB005E22C1 /* RecordViewController.swift */; };
		47E081822C88DB42005E22C1 /* RecordTableViewCell.swift in Sources */ = {isa = PBXBuildFile; fileRef = 47E081812C88DB42005E22C1 /* RecordTableViewCell.swift */; };
		47E0818D2C8A39DB005E22C1 /* APIKey.swift in Sources */ = {isa = PBXBuildFile; fileRef = 47E0818C2C8A39D5005E22C1 /* APIKey.swift */; };
		47E081932C8AA221005E22C1 /* APIKey.plist in Resources */ = {isa = PBXBuildFile; fileRef = 47E081922C8AA221005E22C1 /* APIKey.plist */; };
/* End PBXBuildFile section */

/* Begin PBXFileReference section */
		4703E2442C7F08B00009E80A /* Kebuke.app */ = {isa = PBXFileReference; explicitFileType = wrapper.application; includeInIndex = 0; path = Kebuke.app; sourceTree = BUILT_PRODUCTS_DIR; };
		4703E2472C7F08B00009E80A /* AppDelegate.swift */ = {isa = PBXFileReference; lastKnownFileType = sourcecode.swift; path = AppDelegate.swift; sourceTree = "<group>"; };
		4703E2492C7F08B00009E80A /* SceneDelegate.swift */ = {isa = PBXFileReference; lastKnownFileType = sourcecode.swift; path = SceneDelegate.swift; sourceTree = "<group>"; };
		4703E24E2C7F08B00009E80A /* Base */ = {isa = PBXFileReference; lastKnownFileType = file.storyboard; name = Base; path = Base.lproj/Main.storyboard; sourceTree = "<group>"; };
		4703E2502C7F08B20009E80A /* Assets.xcassets */ = {isa = PBXFileReference; lastKnownFileType = folder.assetcatalog; path = Assets.xcassets; sourceTree = "<group>"; };
		4703E2532C7F08B20009E80A /* Base */ = {isa = PBXFileReference; lastKnownFileType = file.storyboard; name = Base; path = Base.lproj/LaunchScreen.storyboard; sourceTree = "<group>"; };
		4703E2552C7F08B20009E80A /* Info.plist */ = {isa = PBXFileReference; lastKnownFileType = text.plist.xml; path = Info.plist; sourceTree = "<group>"; };
		4703E25B2C7F093D0009E80A /* MenuViewController.swift */ = {isa = PBXFileReference; lastKnownFileType = sourcecode.swift; path = MenuViewController.swift; sourceTree = "<group>"; };
		4703E25D2C7F12150009E80A /* MenuCollectionViewCell.swift */ = {isa = PBXFileReference; lastKnownFileType = sourcecode.swift; path = MenuCollectionViewCell.swift; sourceTree = "<group>"; };
		4703E25F2C7F13670009E80A /* MenuItem.swift */ = {isa = PBXFileReference; lastKnownFileType = sourcecode.swift; path = MenuItem.swift; sourceTree = "<group>"; };
		4703E2642C7F95CF0009E80A /* OrderViewController.swift */ = {isa = PBXFileReference; lastKnownFileType = sourcecode.swift; path = OrderViewController.swift; sourceTree = "<group>"; };
		4703E2662C7F99950009E80A /* OrderTableViewCell.swift */ = {isa = PBXFileReference; lastKnownFileType = sourcecode.swift; path = OrderTableViewCell.swift; sourceTree = "<group>"; };
		4703E28E2C84A7390009E80A /* CartItem.swift */ = {isa = PBXFileReference; lastKnownFileType = sourcecode.swift; path = CartItem.swift; sourceTree = "<group>"; };
		4703E2902C868BE80009E80A /* CartViewController.swift */ = {isa = PBXFileReference; lastKnownFileType = sourcecode.swift; path = CartViewController.swift; sourceTree = SOURCE_ROOT; };
		4703E2922C868CEB0009E80A /* CartTableViewCell.swift */ = {isa = PBXFileReference; lastKnownFileType = sourcecode.swift; path = CartTableViewCell.swift; sourceTree = "<group>"; };
		47E0817D2C880278005E22C1 /* LoginViewController.swift */ = {isa = PBXFileReference; lastKnownFileType = sourcecode.swift; path = LoginViewController.swift; sourceTree = "<group>"; };
		47E0817F2C8878AB005E22C1 /* RecordViewController.swift */ = {isa = PBXFileReference; lastKnownFileType = sourcecode.swift; path = RecordViewController.swift; sourceTree = "<group>"; };
		47E081812C88DB42005E22C1 /* RecordTableViewCell.swift */ = {isa = PBXFileReference; lastKnownFileType = sourcecode.swift; path = RecordTableViewCell.swift; sourceTree = "<group>"; };
		47E0818C2C8A39D5005E22C1 /* APIKey.swift */ = {isa = PBXFileReference; lastKnownFileType = sourcecode.swift; path = APIKey.swift; sourceTree = "<group>"; };
		47E081922C8AA221005E22C1 /* APIKey.plist */ = {isa = PBXFileReference; lastKnownFileType = text.plist.xml; path = APIKey.plist; sourceTree = "<group>"; };
/* End PBXFileReference section */

/* Begin PBXFrameworksBuildPhase section */
		4703E2412C7F08B00009E80A /* Frameworks */ = {
			isa = PBXFrameworksBuildPhase;
			buildActionMask = 2147483647;
			files = (
				4703E2632C7F1ABF0009E80A /* Kingfisher in Frameworks */,
			);
			runOnlyForDeploymentPostprocessing = 0;
		};
/* End PBXFrameworksBuildPhase section */

/* Begin PBXGroup section */
		4703E23B2C7F08B00009E80A = {
			isa = PBXGroup;
			children = (
				47E081872C8A2D24005E22C1 /* APIKey */,
				4703E2462C7F08B00009E80A /* Kebuke */,
				4703E2452C7F08B00009E80A /* Products */,
			);
			sourceTree = "<group>";
		};
		4703E2452C7F08B00009E80A /* Products */ = {
			isa = PBXGroup;
			children = (
				4703E2442C7F08B00009E80A /* Kebuke.app */,
			);
			name = Products;
			sourceTree = "<group>";
		};
		4703E2462C7F08B00009E80A /* Kebuke */ = {
			isa = PBXGroup;
			children = (
				4703E2472C7F08B00009E80A /* AppDelegate.swift */,
				4703E2492C7F08B00009E80A /* SceneDelegate.swift */,
				4703E25F2C7F13670009E80A /* MenuItem.swift */,
				4703E28E2C84A7390009E80A /* CartItem.swift */,
				4703E24D2C7F08B00009E80A /* Main.storyboard */,
				47E081812C88DB42005E22C1 /* RecordTableViewCell.swift */,
				47E0817F2C8878AB005E22C1 /* RecordViewController.swift */,
				47E0817D2C880278005E22C1 /* LoginViewController.swift */,
				4703E2922C868CEB0009E80A /* CartTableViewCell.swift */,
				4703E2902C868BE80009E80A /* CartViewController.swift */,
				4703E2662C7F99950009E80A /* OrderTableViewCell.swift */,
				4703E2642C7F95CF0009E80A /* OrderViewController.swift */,
				4703E25D2C7F12150009E80A /* MenuCollectionViewCell.swift */,
				4703E25B2C7F093D0009E80A /* MenuViewController.swift */,
				4703E2502C7F08B20009E80A /* Assets.xcassets */,
				4703E2522C7F08B20009E80A /* LaunchScreen.storyboard */,
				4703E2552C7F08B20009E80A /* Info.plist */,
			);
			path = Kebuke;
			sourceTree = "<group>";
		};
		47E081872C8A2D24005E22C1 /* APIKey */ = {
			isa = PBXGroup;
			children = (
				47E081922C8AA221005E22C1 /* APIKey.plist */,
				47E0818C2C8A39D5005E22C1 /* APIKey.swift */,
			);
			path = APIKey;
			sourceTree = "<group>";
		};
/* End PBXGroup section */

/* Begin PBXNativeTarget section */
		4703E2432C7F08B00009E80A /* Kebuke */ = {
			isa = PBXNativeTarget;
			buildConfigurationList = 4703E2582C7F08B20009E80A /* Build configuration list for PBXNativeTarget "Kebuke" */;
			buildPhases = (
				47E081882C8A30C3005E22C1 /* ShellScript */,
				4703E2402C7F08B00009E80A /* Sources */,
				4703E2412C7F08B00009E80A /* Frameworks */,
				4703E2422C7F08B00009E80A /* Resources */,
			);
			buildRules = (
			);
			dependencies = (
			);
			name = Kebuke;
			packageProductDependencies = (
				4703E2622C7F1ABF0009E80A /* Kingfisher */,
			);
			productName = Kebuke;
			productReference = 4703E2442C7F08B00009E80A /* Kebuke.app */;
			productType = "com.apple.product-type.application";
		};
/* End PBXNativeTarget section */

/* Begin PBXProject section */
		4703E23C2C7F08B00009E80A /* Project object */ = {
			isa = PBXProject;
			attributes = {
				BuildIndependentTargetsInParallel = 1;
				LastSwiftUpdateCheck = 1600;
				LastUpgradeCheck = 1600;
				TargetAttributes = {
					4703E2432C7F08B00009E80A = {
						CreatedOnToolsVersion = 16.0;
					};
				};
			};
			buildConfigurationList = 4703E23F2C7F08B00009E80A /* Build configuration list for PBXProject "Kebuke" */;
			compatibilityVersion = "Xcode 15.0";
			developmentRegion = en;
			hasScannedForEncodings = 0;
			knownRegions = (
				en,
				Base,
			);
			mainGroup = 4703E23B2C7F08B00009E80A;
			packageReferences = (
				4703E2612C7F1ABF0009E80A /* XCRemoteSwiftPackageReference "Kingfisher" */,
			);
			productRefGroup = 4703E2452C7F08B00009E80A /* Products */;
			projectDirPath = "";
			projectRoot = "";
			targets = (
				4703E2432C7F08B00009E80A /* Kebuke */,
			);
		};
/* End PBXProject section */

/* Begin PBXResourcesBuildPhase section */
		4703E2422C7F08B00009E80A /* Resources */ = {
			isa = PBXResourcesBuildPhase;
			buildActionMask = 2147483647;
			files = (
				4703E2512C7F08B20009E80A /* Assets.xcassets in Resources */,
				47E081932C8AA221005E22C1 /* APIKey.plist in Resources */,
				4703E2542C7F08B20009E80A /* Base in Resources */,
				4703E24F2C7F08B00009E80A /* Base in Resources */,
			);
			runOnlyForDeploymentPostprocessing = 0;
		};
/* End PBXResourcesBuildPhase section */

/* Begin PBXShellScriptBuildPhase section */
		47E081882C8A30C3005E22C1 /* ShellScript */ = {
			isa = PBXShellScriptBuildPhase;
			buildActionMask = 2147483647;
			files = (
			);
			inputFileListPaths = (
			);
			inputPaths = (
			);
			outputFileListPaths = (
			);
			outputPaths = (
				"$(SRCROOT)/APIKey/APIKey.plist",
				"",
			);
			runOnlyForDeploymentPostprocessing = 0;
			shellPath = /bin/sh;
			shellScript = "CONFIG_FILE_BASE_NAME=\"APIKey\"\n\nCONFIG_FILE_NAME=${CONFIG_FILE_BASE_NAME}.plist\nSAMPLE_CONFIG_FILE_NAME=${CONFIG_FILE_BASE_NAME}-Sample.plist\n\nCONFIG_FILE_PATH=$SRCROOT/APIKey/$CONFIG_FILE_NAME\nSAMPLE_CONFIG_FILE_PATH=$SRCROOT/APIKey/$SAMPLE_CONFIG_FILE_NAME\n\nif [ -f \"$CONFIG_FILE_PATH\" ]; then\n  echo \"$CONFIG_FILE_PATH exists.\"\nelse\n  echo \"$CONFIG_FILE_PATH does not exist, copying sample\"\n  cp -v \"${SAMPLE_CONFIG_FILE_PATH}\" \"${CONFIG_FILE_PATH}\"\nfi\n";
		};
/* End PBXShellScriptBuildPhase section */

/* Begin PBXSourcesBuildPhase section */
		4703E2402C7F08B00009E80A /* Sources */ = {
			isa = PBXSourcesBuildPhase;
			buildActionMask = 2147483647;
			files = (
				4703E2482C7F08B00009E80A /* AppDelegate.swift in Sources */,
				4703E24A2C7F08B00009E80A /* SceneDelegate.swift in Sources */,
				4703E28F2C84A7400009E80A /* CartItem.swift in Sources */,
				47E081802C8878AB005E22C1 /* RecordViewController.swift in Sources */,
				47E081822C88DB42005E22C1 /* RecordTableViewCell.swift in Sources */,
				4703E25C2C7F093D0009E80A /* MenuViewController.swift in Sources */,
				4703E2672C7F99950009E80A /* OrderTableViewCell.swift in Sources */,
				4703E25E2C7F12150009E80A /* MenuCollectionViewCell.swift in Sources */,
				47E0818D2C8A39DB005E22C1 /* APIKey.swift in Sources */,
				4703E2602C7F136D0009E80A /* MenuItem.swift in Sources */,
				4703E2932C868CEB0009E80A /* CartTableViewCell.swift in Sources */,
				4703E2912C868BE80009E80A /* CartViewController.swift in Sources */,
				4703E2652C7F95CF0009E80A /* OrderViewController.swift in Sources */,
				47E0817E2C880278005E22C1 /* LoginViewController.swift in Sources */,
			);
			runOnlyForDeploymentPostprocessing = 0;
		};
/* End PBXSourcesBuildPhase section */

/* Begin PBXVariantGroup section */
		4703E24D2C7F08B00009E80A /* Main.storyboard */ = {
			isa = PBXVariantGroup;
			children = (
				4703E24E2C7F08B00009E80A /* Base */,
			);
			name = Main.storyboard;
			sourceTree = "<group>";
		};
		4703E2522C7F08B20009E80A /* LaunchScreen.storyboard */ = {
			isa = PBXVariantGroup;
			children = (
				4703E2532C7F08B20009E80A /* Base */,
			);
			name = LaunchScreen.storyboard;
			sourceTree = "<group>";
		};
/* End PBXVariantGroup section */

/* Begin XCBuildConfiguration section */
		4703E2562C7F08B20009E80A /* Debug */ = {
			isa = XCBuildConfiguration;
			buildSettings = {
				ALWAYS_SEARCH_USER_PATHS = NO;
				ASSETCATALOG_COMPILER_GENERATE_SWIFT_ASSET_SYMBOL_EXTENSIONS = YES;
				CLANG_ANALYZER_NONNULL = YES;
				CLANG_ANALYZER_NUMBER_OBJECT_CONVERSION = YES_AGGRESSIVE;
				CLANG_CXX_LANGUAGE_STANDARD = "gnu++20";
				CLANG_ENABLE_MODULES = YES;
				CLANG_ENABLE_OBJC_ARC = YES;
				CLANG_ENABLE_OBJC_WEAK = YES;
				CLANG_WARN_BLOCK_CAPTURE_AUTORELEASING = YES;
				CLANG_WARN_BOOL_CONVERSION = YES;
				CLANG_WARN_COMMA = YES;
				CLANG_WARN_CONSTANT_CONVERSION = YES;
				CLANG_WARN_DEPRECATED_OBJC_IMPLEMENTATIONS = YES;
				CLANG_WARN_DIRECT_OBJC_ISA_USAGE = YES_ERROR;
				CLANG_WARN_DOCUMENTATION_COMMENTS = YES;
				CLANG_WARN_EMPTY_BODY = YES;
				CLANG_WARN_ENUM_CONVERSION = YES;
				CLANG_WARN_INFINITE_RECURSION = YES;
				CLANG_WARN_INT_CONVERSION = YES;
				CLANG_WARN_NON_LITERAL_NULL_CONVERSION = YES;
				CLANG_WARN_OBJC_IMPLICIT_RETAIN_SELF = YES;
				CLANG_WARN_OBJC_LITERAL_CONVERSION = YES;
				CLANG_WARN_OBJC_ROOT_CLASS = YES_ERROR;
				CLANG_WARN_QUOTED_INCLUDE_IN_FRAMEWORK_HEADER = YES;
				CLANG_WARN_RANGE_LOOP_ANALYSIS = YES;
				CLANG_WARN_STRICT_PROTOTYPES = YES;
				CLANG_WARN_SUSPICIOUS_MOVE = YES;
				CLANG_WARN_UNGUARDED_AVAILABILITY = YES_AGGRESSIVE;
				CLANG_WARN_UNREACHABLE_CODE = YES;
				CLANG_WARN__DUPLICATE_METHOD_MATCH = YES;
				COPY_PHASE_STRIP = NO;
				DEBUG_INFORMATION_FORMAT = dwarf;
				ENABLE_STRICT_OBJC_MSGSEND = YES;
				ENABLE_TESTABILITY = YES;
				ENABLE_USER_SCRIPT_SANDBOXING = NO;
				GCC_C_LANGUAGE_STANDARD = gnu17;
				GCC_DYNAMIC_NO_PIC = NO;
				GCC_NO_COMMON_BLOCKS = YES;
				GCC_OPTIMIZATION_LEVEL = 0;
				GCC_PREPROCESSOR_DEFINITIONS = (
					"DEBUG=1",
					"$(inherited)",
				);
				GCC_WARN_64_TO_32_BIT_CONVERSION = YES;
				GCC_WARN_ABOUT_RETURN_TYPE = YES_ERROR;
				GCC_WARN_UNDECLARED_SELECTOR = YES;
				GCC_WARN_UNINITIALIZED_AUTOS = YES_AGGRESSIVE;
				GCC_WARN_UNUSED_FUNCTION = YES;
				GCC_WARN_UNUSED_VARIABLE = YES;
				IPHONEOS_DEPLOYMENT_TARGET = 18.0;
				LOCALIZATION_PREFERS_STRING_CATALOGS = YES;
				MTL_ENABLE_DEBUG_INFO = INCLUDE_SOURCE;
				MTL_FAST_MATH = YES;
				ONLY_ACTIVE_ARCH = YES;
				SDKROOT = iphoneos;
				SWIFT_ACTIVE_COMPILATION_CONDITIONS = "DEBUG $(inherited)";
				SWIFT_OPTIMIZATION_LEVEL = "-Onone";
			};
			name = Debug;
		};
		4703E2572C7F08B20009E80A /* Release */ = {
			isa = XCBuildConfiguration;
			buildSettings = {
				ALWAYS_SEARCH_USER_PATHS = NO;
				ASSETCATALOG_COMPILER_GENERATE_SWIFT_ASSET_SYMBOL_EXTENSIONS = YES;
				CLANG_ANALYZER_NONNULL = YES;
				CLANG_ANALYZER_NUMBER_OBJECT_CONVERSION = YES_AGGRESSIVE;
				CLANG_CXX_LANGUAGE_STANDARD = "gnu++20";
				CLANG_ENABLE_MODULES = YES;
				CLANG_ENABLE_OBJC_ARC = YES;
				CLANG_ENABLE_OBJC_WEAK = YES;
				CLANG_WARN_BLOCK_CAPTURE_AUTORELEASING = YES;
				CLANG_WARN_BOOL_CONVERSION = YES;
				CLANG_WARN_COMMA = YES;
				CLANG_WARN_CONSTANT_CONVERSION = YES;
				CLANG_WARN_DEPRECATED_OBJC_IMPLEMENTATIONS = YES;
				CLANG_WARN_DIRECT_OBJC_ISA_USAGE = YES_ERROR;
				CLANG_WARN_DOCUMENTATION_COMMENTS = YES;
				CLANG_WARN_EMPTY_BODY = YES;
				CLANG_WARN_ENUM_CONVERSION = YES;
				CLANG_WARN_INFINITE_RECURSION = YES;
				CLANG_WARN_INT_CONVERSION = YES;
				CLANG_WARN_NON_LITERAL_NULL_CONVERSION = YES;
				CLANG_WARN_OBJC_IMPLICIT_RETAIN_SELF = YES;
				CLANG_WARN_OBJC_LITERAL_CONVERSION = YES;
				CLANG_WARN_OBJC_ROOT_CLASS = YES_ERROR;
				CLANG_WARN_QUOTED_INCLUDE_IN_FRAMEWORK_HEADER = YES;
				CLANG_WARN_RANGE_LOOP_ANALYSIS = YES;
				CLANG_WARN_STRICT_PROTOTYPES = YES;
				CLANG_WARN_SUSPICIOUS_MOVE = YES;
				CLANG_WARN_UNGUARDED_AVAILABILITY = YES_AGGRESSIVE;
				CLANG_WARN_UNREACHABLE_CODE = YES;
				CLANG_WARN__DUPLICATE_METHOD_MATCH = YES;
				COPY_PHASE_STRIP = NO;
				DEBUG_INFORMATION_FORMAT = "dwarf-with-dsym";
				ENABLE_NS_ASSERTIONS = NO;
				ENABLE_STRICT_OBJC_MSGSEND = YES;
				ENABLE_USER_SCRIPT_SANDBOXING = NO;
				GCC_C_LANGUAGE_STANDARD = gnu17;
				GCC_NO_COMMON_BLOCKS = YES;
				GCC_WARN_64_TO_32_BIT_CONVERSION = YES;
				GCC_WARN_ABOUT_RETURN_TYPE = YES_ERROR;
				GCC_WARN_UNDECLARED_SELECTOR = YES;
				GCC_WARN_UNINITIALIZED_AUTOS = YES_AGGRESSIVE;
				GCC_WARN_UNUSED_FUNCTION = YES;
				GCC_WARN_UNUSED_VARIABLE = YES;
				IPHONEOS_DEPLOYMENT_TARGET = 18.0;
				LOCALIZATION_PREFERS_STRING_CATALOGS = YES;
				MTL_ENABLE_DEBUG_INFO = NO;
				MTL_FAST_MATH = YES;
				SDKROOT = iphoneos;
				SWIFT_COMPILATION_MODE = wholemodule;
				VALIDATE_PRODUCT = YES;
			};
			name = Release;
		};
		4703E2592C7F08B20009E80A /* Debug */ = {
			isa = XCBuildConfiguration;
			buildSettings = {
				ASSETCATALOG_COMPILER_APPICON_NAME = AppIcon;
				ASSETCATALOG_COMPILER_GLOBAL_ACCENT_COLOR_NAME = AccentColor;
				CODE_SIGN_STYLE = Automatic;
				CURRENT_PROJECT_VERSION = 1;
				GENERATE_INFOPLIST_FILE = YES;
				INFOPLIST_FILE = Kebuke/Info.plist;
				INFOPLIST_KEY_UIApplicationSupportsIndirectInputEvents = YES;
				INFOPLIST_KEY_UILaunchStoryboardName = LaunchScreen;
				INFOPLIST_KEY_UIMainStoryboardFile = Main;
				INFOPLIST_KEY_UISupportedInterfaceOrientations_iPad = "UIInterfaceOrientationPortrait UIInterfaceOrientationPortraitUpsideDown UIInterfaceOrientationLandscapeLeft UIInterfaceOrientationLandscapeRight";
				INFOPLIST_KEY_UISupportedInterfaceOrientations_iPhone = "UIInterfaceOrientationPortrait UIInterfaceOrientationLandscapeLeft UIInterfaceOrientationLandscapeRight";
				LD_RUNPATH_SEARCH_PATHS = (
					"$(inherited)",
					"@executable_path/Frameworks",
				);
				MARKETING_VERSION = 1.0;
				PRODUCT_BUNDLE_IDENTIFIER = com.test.Kebuke;
				PRODUCT_NAME = "$(TARGET_NAME)";
				SWIFT_EMIT_LOC_STRINGS = YES;
				SWIFT_VERSION = 5.0;
				TARGETED_DEVICE_FAMILY = "1,2";
			};
			name = Debug;
		};
		4703E25A2C7F08B20009E80A /* Release */ = {
			isa = XCBuildConfiguration;
			buildSettings = {
				ASSETCATALOG_COMPILER_APPICON_NAME = AppIcon;
				ASSETCATALOG_COMPILER_GLOBAL_ACCENT_COLOR_NAME = AccentColor;
				CODE_SIGN_STYLE = Automatic;
				CURRENT_PROJECT_VERSION = 1;
				GENERATE_INFOPLIST_FILE = YES;
				INFOPLIST_FILE = Kebuke/Info.plist;
				INFOPLIST_KEY_UIApplicationSupportsIndirectInputEvents = YES;
				INFOPLIST_KEY_UILaunchStoryboardName = LaunchScreen;
				INFOPLIST_KEY_UIMainStoryboardFile = Main;
				INFOPLIST_KEY_UISupportedInterfaceOrientations_iPad = "UIInterfaceOrientationPortrait UIInterfaceOrientationPortraitUpsideDown UIInterfaceOrientationLandscapeLeft UIInterfaceOrientationLandscapeRight";
				INFOPLIST_KEY_UISupportedInterfaceOrientations_iPhone = "UIInterfaceOrientationPortrait UIInterfaceOrientationLandscapeLeft UIInterfaceOrientationLandscapeRight";
				LD_RUNPATH_SEARCH_PATHS = (
					"$(inherited)",
					"@executable_path/Frameworks",
				);
				MARKETING_VERSION = 1.0;
				PRODUCT_BUNDLE_IDENTIFIER = com.test.Kebuke;
				PRODUCT_NAME = "$(TARGET_NAME)";
				SWIFT_EMIT_LOC_STRINGS = YES;
				SWIFT_VERSION = 5.0;
				TARGETED_DEVICE_FAMILY = "1,2";
			};
			name = Release;
		};
/* End XCBuildConfiguration section */

/* Begin XCConfigurationList section */
		4703E23F2C7F08B00009E80A /* Build configuration list for PBXProject "Kebuke" */ = {
			isa = XCConfigurationList;
			buildConfigurations = (
				4703E2562C7F08B20009E80A /* Debug */,
				4703E2572C7F08B20009E80A /* Release */,
			);
			defaultConfigurationIsVisible = 0;
			defaultConfigurationName = Release;
		};
		4703E2582C7F08B20009E80A /* Build configuration list for PBXNativeTarget "Kebuke" */ = {
			isa = XCConfigurationList;
			buildConfigurations = (
				4703E2592C7F08B20009E80A /* Debug */,
				4703E25A2C7F08B20009E80A /* Release */,
			);
			defaultConfigurationIsVisible = 0;
			defaultConfigurationName = Release;
		};
/* End XCConfigurationList section */

/* Begin XCRemoteSwiftPackageReference section */
		4703E2612C7F1ABF0009E80A /* XCRemoteSwiftPackageReference "Kingfisher" */ = {
			isa = XCRemoteSwiftPackageReference;
			repositoryURL = "https://github.com/onevcat/Kingfisher";
			requirement = {
				kind = upToNextMajorVersion;
				minimumVersion = 7.12.0;
			};
		};
/* End XCRemoteSwiftPackageReference section */

/* Begin XCSwiftPackageProductDependency section */
		4703E2622C7F1ABF0009E80A /* Kingfisher */ = {
			isa = XCSwiftPackageProductDependency;
			package = 4703E2612C7F1ABF0009E80A /* XCRemoteSwiftPackageReference "Kingfisher" */;
			productName = Kingfisher;
		};
/* End XCSwiftPackageProductDependency section */
	};
	rootObject = 4703E23C2C7F08B00009E80A /* Project object */;
}
